
Microsoft Visual Studio Solution File, Format Version 12.00
# Visual Studio Version 16
VisualStudioVersion = 16.0.32228.343
MinimumVisualStudioVersion = 10.0.40219.1
Project("{9A19103F-16F7-4668-BE54-9A1E7A4F7556}") = "CloudWhalesBlogCore.Win", "CloudWhalesBlogCore.Win\CloudWhalesBlogCore.Win.csproj", "{35EB2560-B5DD-4D8C-9461-2AA58A8516C3}"
EndProject
Project("{9A19103F-16F7-4668-BE54-9A1E7A4F7556}") = "CloudWhalesBlogCore.Shared", "CloudWhalesBlogCore.Shared\CloudWhalesBlogCore.Shared.csproj", "{6458445C-26FD-4907-B0CA-3AC442B556DE}"
EndProject
Project("{9A19103F-16F7-4668-BE54-9A1E7A4F7556}") = "CloudWhalesBlogCore.EFCore", "CloudWhalesBlogCore.EFCore\CloudWhalesBlogCore.EFCore.csproj", "{89C2E2E4-88C2-4BE0-9628-DD93CF3F5A75}"
EndProject
Project("{9A19103F-16F7-4668-BE54-9A1E7A4F7556}") = "CloudWhalesBlogCore.Model", "CloudWhalesBlogCore.Model\CloudWhalesBlogCore.Model.csproj", "{DCBB9CB6-94CE-4D4E-A1F3-FE796E972427}"
EndProject
Project("{9A19103F-16F7-4668-BE54-9A1E7A4F7556}") = "CloudWhalesBlogCore.Services", "CloudWhalesBlogCore.Services\CloudWhalesBlogCore.Services.csproj", "{4B5C73F0-57B9-4991-890F-7E22A65D8E3E}"
EndProject
Project("{9A19103F-16F7-4668-BE54-9A1E7A4F7556}") = "CloudWhalesBlogCore.WebAPI", "CloudWhalesBlogCore.WebAPI\CloudWhalesBlogCore.WebAPI.csproj", "{F6B74F44-E8E4-49C4-AFCE-99AE11C141C0}"
EndProject
Project("{9A19103F-16F7-4668-BE54-9A1E7A4F7556}") = "CloudWhalesBlogCore.WPF", "CloudWhalesBlogCore.WPF\CloudWhalesBlogCore.WPF.csproj", "{D2F3BB30-6C37-4DD9-B9FE-13BD465068C0}"
EndProject
Project("{FAE04EC0-301F-11D3-BF4B-00C04F79EFBC}") = "CloudWhalesBlogCore.Extensions", "CloudWhalesBlogCore.Extensions\CloudWhalesBlogCore.Extensions.csproj", "{308CFCF5-7D21-4EA7-8DCA-B016AC5D6DA6}"
EndProject
Global
	GlobalSection(SolutionConfigurationPlatforms) = preSolution
		Debug|Any CPU = Debug|Any CPU
		Release|Any CPU = Release|Any CPU
	EndGlobalSection
	GlobalSection(ProjectConfigurationPlatforms) = postSolution
		{35EB2560-B5DD-4D8C-9461-2AA58A8516C3}.Debug|Any CPU.ActiveCfg = Debug|Any CPU
		{35EB2560-B5DD-4D8C-9461-2AA58A8516C3}.Debug|Any CPU.Build.0 = Debug|Any CPU
		{35EB2560-B5DD-4D8C-9461-2AA58A8516C3}.Release|Any CPU.ActiveCfg = Release|Any CPU
		{35EB2560-B5DD-4D8C-9461-2AA58A8516C3}.Release|Any CPU.Build.0 = Release|Any CPU
		{6458445C-26FD-4907-B0CA-3AC442B556DE}.Debug|Any CPU.ActiveCfg = Debug|Any CPU
		{6458445C-26FD-4907-B0CA-3AC442B556DE}.Debug|Any CPU.Build.0 = Debug|Any CPU
		{6458445C-26FD-4907-B0CA-3AC442B556DE}.Release|Any CPU.ActiveCfg = Release|Any CPU
		{6458445C-26FD-4907-B0CA-3AC442B556DE}.Release|Any CPU.Build.0 = Release|Any CPU
		{89C2E2E4-88C2-4BE0-9628-DD93CF3F5A75}.Debug|Any CPU.ActiveCfg = Debug|Any CPU
		{89C2E2E4-88C2-4BE0-9628-DD93CF3F5A75}.Debug|Any CPU.Build.0 = Debug|Any CPU
		{89C2E2E4-88C2-4BE0-9628-DD93CF3F5A75}.Release|Any CPU.ActiveCfg = Release|Any CPU
		{89C2E2E4-88C2-4BE0-9628-DD93CF3F5A75}.Release|Any CPU.Build.0 = Release|Any CPU
		{DCBB9CB6-94CE-4D4E-A1F3-FE796E972427}.Debug|Any CPU.ActiveCfg = Debug|Any CPU
		{DCBB9CB6-94CE-4D4E-A1F3-FE796E972427}.Debug|Any CPU.Build.0 = Debug|Any CPU
		{DCBB9CB6-94CE-4D4E-A1F3-FE796E972427}.Release|Any CPU.ActiveCfg = Release|Any CPU
		{DCBB9CB6-94CE-4D4E-A1F3-FE796E972427}.Release|Any CPU.Build.0 = Release|Any CPU
		{4B5C73F0-57B9-4991-890F-7E22A65D8E3E}.Debug|Any CPU.ActiveCfg = Debug|Any CPU
		{4B5C73F0-57B9-4991-890F-7E22A65D8E3E}.Debug|Any CPU.Build.0 = Debug|Any CPU
		{4B5C73F0-57B9-4991-890F-7E22A65D8E3E}.Release|Any CPU.ActiveCfg = Release|Any CPU
		{4B5C73F0-57B9-4991-890F-7E22A65D8E3E}.Release|Any CPU.Build.0 = Release|Any CPU
		{F6B74F44-E8E4-49C4-AFCE-99AE11C141C0}.Debug|Any CPU.ActiveCfg = Debug|Any CPU
		{F6B74F44-E8E4-49C4-AFCE-99AE11C141C0}.Debug|Any CPU.Build.0 = Debug|Any CPU
		{F6B74F44-E8E4-49C4-AFCE-99AE11C141C0}.Release|Any CPU.ActiveCfg = Release|Any CPU
		{F6B74F44-E8E4-49C4-AFCE-99AE11C141C0}.Release|Any CPU.Build.0 = Release|Any CPU
		{D2F3BB30-6C37-4DD9-B9FE-13BD465068C0}.Debug|Any CPU.ActiveCfg = Debug|Any CPU
		{D2F3BB30-6C37-4DD9-B9FE-13BD465068C0}.Debug|Any CPU.Build.0 = Debug|Any CPU
		{D2F3BB30-6C37-4DD9-B9FE-13BD465068C0}.Release|Any CPU.ActiveCfg = Release|Any CPU
		{D2F3BB30-6C37-4DD9-B9FE-13BD465068C0}.Release|Any CPU.Build.0 = Release|Any CPU
		{308CFCF5-7D21-4EA7-8DCA-B016AC5D6DA6}.Debug|Any CPU.ActiveCfg = Debug|Any CPU
		{308CFCF5-7D21-4EA7-8DCA-B016AC5D6DA6}.Debug|Any CPU.Build.0 = Debug|Any CPU
		{308CFCF5-7D21-4EA7-8DCA-B016AC5D6DA6}.Release|Any CPU.ActiveCfg = Release|Any CPU
		{308CFCF5-7D21-4EA7-8DCA-B016AC5D6DA6}.Release|Any CPU.Build.0 = Release|Any CPU
	EndGlobalSection
	GlobalSection(SolutionProperties) = preSolution
		HideSolutionNode = FALSE
	EndGlobalSection
	GlobalSection(ExtensibilityGlobals) = postSolution
		SolutionGuid = {434509E9-ABC3-4374-94AC-4DB9C91E2F2B}
	EndGlobalSection
EndGlobal
