
Microsoft Visual Studio Solution File, Format Version 12.00
# Visual Studio Version 16
VisualStudioVersion = 16.0.32228.343
MinimumVisualStudioVersion = 10.0.40219.1
Project("{FAE04EC0-301F-11D3-BF4B-00C04F79EFBC}") = "SwaggerWithMiniProfiler.Shared", "SwaggerWithMiniProfiler.Shared.csproj", "{B874515E-DB4B-4188-8B90-789EE8B0E769}"
EndProject
Global
	GlobalSection(SolutionConfigurationPlatforms) = preSolution
		Debug|Any CPU = Debug|Any CPU
		Release|Any CPU = Release|Any CPU
	EndGlobalSection
	GlobalSection(ProjectConfigurationPlatforms) = postSolution
		{B874515E-DB4B-4188-8B90-789EE8B0E769}.Debug|Any CPU.ActiveCfg = Debug|Any CPU
		{B874515E-DB4B-4188-8B90-789EE8B0E769}.Debug|Any CPU.Build.0 = Debug|Any CPU
		{B874515E-DB4B-4188-8B90-789EE8B0E769}.Release|Any CPU.ActiveCfg = Release|Any CPU
		{B874515E-DB4B-4188-8B90-789EE8B0E769}.Release|Any CPU.Build.0 = Release|Any CPU
	EndGlobalSection
	GlobalSection(SolutionProperties) = preSolution
		HideSolutionNode = FALSE
	EndGlobalSection
	GlobalSection(ExtensibilityGlobals) = postSolution
		SolutionGuid = {9AD00FD7-6BEC-48B7-9B16-9E85A633D177}
	EndGlobalSection
EndGlobal
